{
  "pins" : [
    {
      "identity" : "routetown",
      "kind" : "remoteSourceControl",
      "location" : "https://github.com/sametkoyuncu/RouteTown",
      "state" : {
        "branch" : "main",
        "revision" : "0a30decbf28fec7c04e7513a4d6bf1970e0bdfe7"
      }
    }
  ],
  "version" : 2
}
